Microsoft Visual Studio Solution File, Format Version 10.00
# Visual Studio 2008
Project("{2150E333-8FDC-42A3-9474-1A3956D46DE8}") = "Solution Items", "Solution Items", "{FAE4D2E1-8DF6-44AD-92D5-C52EFD277FCC}"
	ProjectSection(SolutionItems) = preProject
		absolute.htm = absolute.htm
		add_column.htm = add_column.htm
		add_constraint.htm = add_constraint.htm
		add_lag_con.htm = add_lag_con.htm
		add_SOS.htm = add_SOS.htm
		AMPL.htm = AMPL.htm
		bas-format.htm = bas-format.htm
		BFP.htm = BFP.htm
		Build.htm = Build.htm
		changes5.htm = changes5.htm
		changes55.htm = changes55.htm
		column_in_lp.htm = column_in_lp.htm
		contents.htm = contents.htm
		copy_lp.htm = copy_lp.htm
		CPLEX-format.htm = CPLEX-format.htm
		default_basis.htm = default_basis.htm
		del_column.htm = del_column.htm
		del_constraint.htm = del_constraint.htm
		delete_lp.htm = delete_lp.htm
		DIMACS_asn.htm = DIMACS_asn.htm
		DIMACS_maxf.htm = DIMACS_maxf.htm
		DIMACS_mcf.htm = DIMACS_mcf.htm
		distribution.htm = distribution.htm
		download.htm = download.htm
		dualize_lp.htm = dualize_lp.htm
		FAQ.htm = FAQ.htm
		formulate.htm = formulate.htm
		free.htm = free.htm
		free_lp.htm = free_lp.htm
		get_anti_degen.htm = get_anti_degen.htm
		get_basis.htm = get_basis.htm
		get_basiscrash.htm = get_basiscrash.htm
		get_bb_depthlimit.htm = get_bb_depthlimit.htm
		get_bb_floorfirst.htm = get_bb_floorfirst.htm
		get_bb_rule.htm = get_bb_rule.htm
		get_bounds_tighter.htm = get_bounds_tighter.htm
		get_break_at_value.htm = get_break_at_value.htm
		get_col_name.htm = get_col_name.htm
		get_column.htm = get_column.htm
		get_constr_type.htm = get_constr_type.htm
		get_constr_value.htm = get_constr_value.htm
		get_constraints.htm = get_constraints.htm
		get_epsb.htm = get_epsb.htm
		get_epsd.htm = get_epsd.htm
		get_epsel.htm = get_epsel.htm
		get_epsint.htm = get_epsint.htm
		get_epsperturb.htm = get_epsperturb.htm
		get_epspivot.htm = get_epspivot.htm
		get_improve.htm = get_improve.htm
		get_infinite.htm = get_infinite.htm
		get_lambda.htm = get_lambda.htm
		get_lowbo.htm = get_lowbo.htm
		get_lp_index.htm = get_lp_index.htm
		get_lp_name.htm = get_lp_name.htm
		get_Lrows.htm = get_Lrows.htm
		get_mat.htm = get_mat.htm
		get_max_level.htm = get_max_level.htm
		get_maxpivot.htm = get_maxpivot.htm
		get_mip_gap.htm = get_mip_gap.htm
		get_nameindex.htm = get_nameindex.htm
		get_Ncolumns.htm = get_Ncolumns.htm
		get_negrange.htm = get_negrange.htm
		get_nonzeros.htm = get_nonzeros.htm
		get_Norig_columns.htm = get_Norig_columns.htm
		get_Norig_rows.htm = get_Norig_rows.htm
		get_Nrows.htm = get_Nrows.htm
		get_obj_bound.htm = get_obj_bound.htm
		get_objective.htm = get_objective.htm
		get_orig_index.htm = get_orig_index.htm
		get_pivoting.htm = get_pivoting.htm
		get_presolve.htm = get_presolve.htm
		get_presolveloops.htm = get_presolveloops.htm
		get_primal_solution.htm = get_primal_solution.htm
		get_print_sol.htm = get_print_sol.htm
		get_rh.htm = get_rh.htm
		get_rh_range.htm = get_rh_range.htm
		get_row.htm = get_row.htm
		get_row_name.htm = get_row_name.htm
		get_scalelimit.htm = get_scalelimit.htm
		get_scaling.htm = get_scaling.htm
		get_sensitivity_obj.htm = get_sensitivity_obj.htm
		get_sensitivity_rhs.htm = get_sensitivity_rhs.htm
		get_simplextype.htm = get_simplextype.htm
		get_solutioncount.htm = get_solutioncount.htm
		get_solutionlimit.htm = get_solutionlimit.htm
		get_status.htm = get_status.htm
		get_statustext.htm = get_statustext.htm
		get_timeout.htm = get_timeout.htm
		get_total_iter.htm = get_total_iter.htm
		get_total_nodes.htm = get_total_nodes.htm
		get_upbo.htm = get_upbo.htm
		get_var_branch.htm = get_var_branch.htm
		get_var_priority.htm = get_var_priority.htm
		get_variables.htm = get_variables.htm
		get_verbose.htm = get_verbose.htm
		get_working_objective.htm = get_working_objective.htm
		guess_basis.htm = guess_basis.htm
		has_BFP.htm = has_BFP.htm
		has_XLI.htm = has_XLI.htm
		IDE.htm = IDE.htm
		index.htm = index.htm
		Infeasible.htm = Infeasible.htm
		integer.htm = integer.htm
		Intro.htm = Intro.htm
		is_add_rowmode.htm = is_add_rowmode.htm
		is_anti_degen.htm = is_anti_degen.htm
		is_binary.htm = is_binary.htm
		is_break_at_first.htm = is_break_at_first.htm
		is_constr_type.htm = is_constr_type.htm
		is_debug.htm = is_debug.htm
		is_feasible.htm = is_feasible.htm
		is_infinite.htm = is_infinite.htm
		is_int.htm = is_int.htm
		is_integerscaling.htm = is_integerscaling.htm
		is_lag_trace.htm = is_lag_trace.htm
		is_maxim.htm = is_maxim.htm
		is_nativeBFP.htm = is_nativeBFP.htm
		is_nativeXLI.htm = is_nativeXLI.htm
		is_negative.htm = is_negative.htm
		is_obj_in_basis.htm = is_obj_in_basis.htm
		is_piv_mode.htm = is_piv_mode.htm
		is_piv_rule.htm = is_piv_rule.htm
		is_presolve.htm = is_presolve.htm
		is_scalemode.htm = is_scalemode.htm
		is_scaletype.htm = is_scaletype.htm
		is_semicont.htm = is_semicont.htm
		is_SOS_var.htm = is_SOS_var.htm
		is_trace.htm = is_trace.htm
		is_unbounded.htm = is_unbounded.htm
		is_use_names.htm = is_use_names.htm
		Java.htm = Java.htm
		lag_solve.htm = lag_solve.htm
		LGPL.htm = LGPL.htm
		LINDO-format.htm = LINDO-format.htm
		links.htm = links.htm
		lp-format.htm = lp-format.htm
		lp_solve.htm = lp_solve.htm
		lp_solve_version.htm = lp_solve_version.htm
		lp_solveAPIreference.htm = lp_solveAPIreference.htm
		LPBasics.htm = LPBasics.htm
		make_lp.htm = make_lp.htm
		MathProg.htm = MathProg.htm
		MATLAB.htm = MATLAB.htm
		mps-format.htm = mps-format.htm
		O-Matrix.htm = O-Matrix.htm
		octave.htm = octave.htm
		PHP.htm = PHP.htm
		Presolve.htm = Presolve.htm
		print_constraints.htm = print_constraints.htm
		print_debugdump.htm = print_debugdump.htm
		print_duals.htm = print_duals.htm
		print_lp.htm = print_lp.htm
		print_objective.htm = print_objective.htm
		print_scales.htm = print_scales.htm
		print_solution.htm = print_solution.htm
		print_str.htm = print_str.htm
		print_tableau.htm = print_tableau.htm
		put_abortfunc.htm = put_abortfunc.htm
		put_bb_branchfunc.htm = put_bb_branchfunc.htm
		put_bb_nodefunc.htm = put_bb_nodefunc.htm
		put_logfunc.htm = put_logfunc.htm
		put_msgfunc.htm = put_msgfunc.htm
		Python.htm = Python.htm
		quickstart.htm = quickstart.htm
		R.htm = R.htm
		MSF.htm = MSF.htm
                ratio.htm = ratio.htm
		read_basis.htm = read_basis.htm
		read_lp.htm = read_lp.htm
		read_mps.htm = read_mps.htm
		read_params.htm = read_params.htm
		read_XLI.htm = read_XLI.htm
		reset_basis.htm = reset_basis.htm
		reset_params.htm = reset_params.htm
		resize_lp.htm = resize_lp.htm
		scaling.htm = scaling.htm
		Scilab.htm = Scilab.htm
		semi-cont.htm = semi-cont.htm
		sensitivity.htm = sensitivity.htm
		set_add_rowmode.htm = set_add_rowmode.htm
		set_anti_degen.htm = set_anti_degen.htm
		set_basis.htm = set_basis.htm
		set_basiscrash.htm = set_basiscrash.htm
		set_basisvar.htm = set_basisvar.htm
		set_bb_depthlimit.htm = set_bb_depthlimit.htm
		set_bb_floorfirst.htm = set_bb_floorfirst.htm
		set_bb_rule.htm = set_bb_rule.htm
		set_BFP.htm = set_BFP.htm
		set_binary.htm = set_binary.htm
		set_bounds.htm = set_bounds.htm
		set_bounds_tighter.htm = set_bounds_tighter.htm
		set_break_at_first.htm = set_break_at_first.htm
		set_break_at_value.htm = set_break_at_value.htm
		set_col_name.htm = set_col_name.htm
		set_column.htm = set_column.htm
		set_constr_type.htm = set_constr_type.htm
		set_debug.htm = set_debug.htm
		set_epsb.htm = set_epsb.htm
		set_epsd.htm = set_epsd.htm
		set_epsel.htm = set_epsel.htm
		set_epsint.htm = set_epsint.htm
		set_epslevel.htm = set_epslevel.htm
		set_epsperturb.htm = set_epsperturb.htm
		set_epspivot.htm = set_epspivot.htm
		set_improve.htm = set_improve.htm
		set_infinite.htm = set_infinite.htm
		set_int.htm = set_int.htm
		set_lag_trace.htm = set_lag_trace.htm
		set_lowbo.htm = set_lowbo.htm
		set_lp_name.htm = set_lp_name.htm
		set_mat.htm = set_mat.htm
		set_maxim.htm = set_maxim.htm
		set_maxpivot.htm = set_maxpivot.htm
		set_minim.htm = set_minim.htm
		set_mip_gap.htm = set_mip_gap.htm
		set_negrange.htm = set_negrange.htm
		set_obj_bound.htm = set_obj_bound.htm
		set_obj_fn.htm = set_obj_fn.htm
		set_obj_in_basis.htm = set_obj_in_basis.htm
		set_output.htm = set_output.htm
		set_pivoting.htm = set_pivoting.htm
		set_preferdual.htm = set_preferdual.htm
		set_presolve.htm = set_presolve.htm
		set_print_sol.htm = set_print_sol.htm
		set_rh.htm = set_rh.htm
		set_rh_range.htm = set_rh_range.htm
		set_rh_vec.htm = set_rh_vec.htm
		set_row.htm = set_row.htm
		set_row_name.htm = set_row_name.htm
		set_scalelimit.htm = set_scalelimit.htm
		set_scaling.htm = set_scaling.htm
		set_semicont.htm = set_semicont.htm
		set_sense.htm = set_sense.htm
		set_simplextype.htm = set_simplextype.htm
		set_solutionlimit.htm = set_solutionlimit.htm
		set_timeout.htm = set_timeout.htm
		set_trace.htm = set_trace.htm
		set_unbounded.htm = set_unbounded.htm
		set_upbo.htm = set_upbo.htm
		set_use_names.htm = set_use_names.htm
		set_var_branch.htm = set_var_branch.htm
		set_var_weights.htm = set_var_weights.htm
		set_verbose.htm = set_verbose.htm
		set_XLI.htm = set_XLI.htm
		simpletree.css = simpletree.css
		simpletreemenu.js = simpletreemenu.js
		solve.htm = solve.htm
		SOS.htm = SOS.htm
		time_elapsed.htm = time_elapsed.htm
		unscale.htm = unscale.htm
		write_basis.htm = write_basis.htm
		write_lp.htm = write_lp.htm
		write_mps.htm = write_mps.htm
		write_params.htm = write_params.htm
		write_XLI.htm = write_XLI.htm
		XLI.htm = XLI.htm
		xli_MPS.htm = xli_MPS.htm
		Xpress-format.htm = Xpress-format.htm
		Zimpl.htm = Zimpl.htm
	EndProjectSection
EndProject
Project("{8BC9CEB8-8B4A-11D0-8D11-00A0C91BC942}") = "HTMLHelp", "HTMLHelp.vcproj", "{85B0E2A5-6953-4398-B4A0-E834CE4D2DD4}"
EndProject
Global
	GlobalSection(SolutionConfigurationPlatforms) = preSolution
		HTML Help|Win32 = HTML Help|Win32
		HTML|Win32 = HTML|Win32
	EndGlobalSection
	GlobalSection(ProjectConfigurationPlatforms) = postSolution
		{85B0E2A5-6953-4398-B4A0-E834CE4D2DD4}.HTML Help|Win32.ActiveCfg = HTML Help|Win32
		{85B0E2A5-6953-4398-B4A0-E834CE4D2DD4}.HTML Help|Win32.Build.0 = HTML Help|Win32
		{85B0E2A5-6953-4398-B4A0-E834CE4D2DD4}.HTML|Win32.ActiveCfg = HTML|Win32
		{85B0E2A5-6953-4398-B4A0-E834CE4D2DD4}.HTML|Win32.Build.0 = HTML|Win32
	EndGlobalSection
	GlobalSection(SolutionProperties) = preSolution
		HideSolutionNode = FALSE
	EndGlobalSection
EndGlobal
