Microsoft Visual Studio Solution File, Format Version 10.00
# Visual Studio 2008
Project("{8BC9CEB8-8B4A-11D0-8D11-00A0C91BC942}") = "zimpl DLL", "zimpl.vcproj", "{E773944A-286B-419C-97D9-56BF0026D3FC}"
EndProject
Global
	GlobalSection(SolutionConfigurationPlatforms) = preSolution
		Debug|Win32 = Debug|Win32
		Release|Win32 = Release|Win32
	EndGlobalSection
	GlobalSection(ProjectConfigurationPlatforms) = postSolution
		{E773944A-286B-419C-97D9-56BF0026D3FC}.Debug|Win32.ActiveCfg = Debug|Win32
		{E773944A-286B-419C-97D9-56BF0026D3FC}.Debug|Win32.Build.0 = Debug|Win32
		{E773944A-286B-419C-97D9-56BF0026D3FC}.Release|Win32.ActiveCfg = Release|Win32
		{E773944A-286B-419C-97D9-56BF0026D3FC}.Release|Win32.Build.0 = Release|Win32
	EndGlobalSection
	GlobalSection(SolutionProperties) = preSolution
		HideSolutionNode = FALSE
	EndGlobalSection
EndGlobal
