
Microsoft Visual Studio Solution File, Format Version 12.00
# Visual Studio Version 16
VisualStudioVersion = 16.0.30621.155
MinimumVisualStudioVersion = 10.0.40219.1
Project("{FAE04EC0-301F-11D3-BF4B-00C04F79EFBC}") = "demo2019", "demo2019.csproj", "{F1CEEA64-504D-42C4-831B-FF7EA40DB4CE}"
EndProject
Global
	GlobalSection(SolutionConfigurationPlatforms) = preSolution
		Debug x64|Any CPU = Debug x64|Any CPU
		Debug x64|x64 = Debug x64|x64
		Debug|Any CPU = Debug|Any CPU
		Debug|x64 = Debug|x64
		Release|Any CPU = Release|Any CPU
		Release|x64 = Release|x64
	EndGlobalSection
	GlobalSection(ProjectConfigurationPlatforms) = postSolution
		{F1CEEA64-504D-42C4-831B-FF7EA40DB4CE}.Debug x64|Any CPU.ActiveCfg = Debug x64|Any CPU
		{F1CEEA64-504D-42C4-831B-FF7EA40DB4CE}.Debug x64|Any CPU.Build.0 = Debug x64|Any CPU
		{F1CEEA64-504D-42C4-831B-FF7EA40DB4CE}.Debug x64|x64.ActiveCfg = Debug x64|x64
		{F1CEEA64-504D-42C4-831B-FF7EA40DB4CE}.Debug x64|x64.Build.0 = Debug x64|x64
		{F1CEEA64-504D-42C4-831B-FF7EA40DB4CE}.Debug|Any CPU.ActiveCfg = Debug|Any CPU
		{F1CEEA64-504D-42C4-831B-FF7EA40DB4CE}.Debug|Any CPU.Build.0 = Debug|Any CPU
		{F1CEEA64-504D-42C4-831B-FF7EA40DB4CE}.Debug|x64.ActiveCfg = Debug|x64
		{F1CEEA64-504D-42C4-831B-FF7EA40DB4CE}.Debug|x64.Build.0 = Debug|x64
		{F1CEEA64-504D-42C4-831B-FF7EA40DB4CE}.Release|Any CPU.ActiveCfg = Release|Any CPU
		{F1CEEA64-504D-42C4-831B-FF7EA40DB4CE}.Release|Any CPU.Build.0 = Release|Any CPU
		{F1CEEA64-504D-42C4-831B-FF7EA40DB4CE}.Release|x64.ActiveCfg = Release|x64
		{F1CEEA64-504D-42C4-831B-FF7EA40DB4CE}.Release|x64.Build.0 = Release|x64
	EndGlobalSection
	GlobalSection(SolutionProperties) = preSolution
		HideSolutionNode = FALSE
	EndGlobalSection
	GlobalSection(ExtensibilityGlobals) = postSolution
		SolutionGuid = {3631E738-67E1-4BC2-97C9-E552E573232D}
	EndGlobalSection
EndGlobal
