
Microsoft Visual Studio Solution File, Format Version 11.00
# Visual Studio 2010
Project("{2150E333-8FDC-42A3-9474-1A3956D46DE8}") = "thirdparty", "thirdparty", "{F5A8B112-9407-4EB2-A9A7-42CB349E1601}"
EndProject
Project("{2150E333-8FDC-42A3-9474-1A3956D46DE8}") = "zibopt", "zibopt", "{49529C31-13AF-4659-B6FB-F9EC4BB46517}"
EndProject
Project("{2150E333-8FDC-42A3-9474-1A3956D46DE8}") = "SCIP", "SCIP", "{4DA41AE4-B487-4A1D-8E9E-ABC39371BB52}"
EndProject
Project("{2150E333-8FDC-42A3-9474-1A3956D46DE8}") = "SoPlex", "SoPlex", "{FBE0EABE-4491-4DE2-AC66-7ADAADD821F5}"
EndProject
Project("{2150E333-8FDC-42A3-9474-1A3956D46DE8}") = "ZIMPL", "ZIMPL", "{5D997020-B23B-4637-8FED-8376B5C1D4B9}"
EndProject
Project("{8BC9CEB8-8B4A-11D0-8D11-00A0C91BC942}") = "libgmp", "thirdparty\gmp\libgmp.vcxproj", "{D91D5337-8491-432D-AF32-90DE0937A265}"
EndProject
Project("{8BC9CEB8-8B4A-11D0-8D11-00A0C91BC942}") = "libpcre", "thirdparty\pcre\libpcre.vcxproj", "{01B4FEC8-D216-44F8-A565-C6B864351BC7}"
EndProject
Project("{8BC9CEB8-8B4A-11D0-8D11-00A0C91BC942}") = "libz", "thirdparty\zlib\libz.vcxproj", "{ECA6C7BB-E575-4102-A95A-02AA199652B9}"
EndProject
Project("{8BC9CEB8-8B4A-11D0-8D11-00A0C91BC942}") = "binzimpl", "zibopt\zimpl\binzimpl.vcxproj", "{4E302C2C-0B87-4993-B717-85E92642B36B}"
	ProjectSection(ProjectDependencies) = postProject
		{D91D5337-8491-432D-AF32-90DE0937A265} = {D91D5337-8491-432D-AF32-90DE0937A265}
		{ECA6C7BB-E575-4102-A95A-02AA199652B9} = {ECA6C7BB-E575-4102-A95A-02AA199652B9}
		{01B4FEC8-D216-44F8-A565-C6B864351BC7} = {01B4FEC8-D216-44F8-A565-C6B864351BC7}
		{FD0B60E1-EC22-4AB4-B553-135B8051F7E2} = {FD0B60E1-EC22-4AB4-B553-135B8051F7E2}
	EndProjectSection
EndProject
Project("{8BC9CEB8-8B4A-11D0-8D11-00A0C91BC942}") = "libzimpl", "zibopt\zimpl\libzimpl.vcxproj", "{FD0B60E1-EC22-4AB4-B553-135B8051F7E2}"
EndProject
Project("{8BC9CEB8-8B4A-11D0-8D11-00A0C91BC942}") = "binsoplex", "zibopt\soplex\binsoplex.vcxproj", "{5DCCE24E-79F9-4983-8A55-4E1762F1B4D1}"
	ProjectSection(ProjectDependencies) = postProject
		{D0710171-5FC9-48BF-84C5-EDF273440E1B} = {D0710171-5FC9-48BF-84C5-EDF273440E1B}
		{ECA6C7BB-E575-4102-A95A-02AA199652B9} = {ECA6C7BB-E575-4102-A95A-02AA199652B9}
	EndProjectSection
EndProject
Project("{8BC9CEB8-8B4A-11D0-8D11-00A0C91BC942}") = "libsoplex", "zibopt\soplex\libsoplex.vcxproj", "{D0710171-5FC9-48BF-84C5-EDF273440E1B}"
EndProject
Project("{8BC9CEB8-8B4A-11D0-8D11-00A0C91BC942}") = "libobjscip", "zibopt\scip\libobjscip.vcxproj", "{B1489223-DD0C-418F-BD49-AD0FDDCB9862}"
EndProject
Project("{8BC9CEB8-8B4A-11D0-8D11-00A0C91BC942}") = "libnlpi", "zibopt\scip\libnlpi.vcxproj", "{6DB54CF3-70F4-4290-97EF-7B5ACF78AF03}"
EndProject
Project("{8BC9CEB8-8B4A-11D0-8D11-00A0C91BC942}") = "liblpispx", "zibopt\scip\liblpispx.vcxproj", "{7CF81C45-765A-4253-BA93-B2CD7CAC36A3}"
EndProject
Project("{8BC9CEB8-8B4A-11D0-8D11-00A0C91BC942}") = "libscip", "zibopt\scip\libscip.vcxproj", "{13102880-EF84-4731-80A4-800DF6474982}"
EndProject
Project("{8BC9CEB8-8B4A-11D0-8D11-00A0C91BC942}") = "binscip", "zibopt\scip\binscip.vcxproj", "{E70ACD94-7924-43D7-803F-0E54DC2D88D5}"
	ProjectSection(ProjectDependencies) = postProject
		{B1489223-DD0C-418F-BD49-AD0FDDCB9862} = {B1489223-DD0C-418F-BD49-AD0FDDCB9862}
		{D91D5337-8491-432D-AF32-90DE0937A265} = {D91D5337-8491-432D-AF32-90DE0937A265}
		{7CF81C45-765A-4253-BA93-B2CD7CAC36A3} = {7CF81C45-765A-4253-BA93-B2CD7CAC36A3}
		{D0710171-5FC9-48BF-84C5-EDF273440E1B} = {D0710171-5FC9-48BF-84C5-EDF273440E1B}
		{13102880-EF84-4731-80A4-800DF6474982} = {13102880-EF84-4731-80A4-800DF6474982}
		{ECA6C7BB-E575-4102-A95A-02AA199652B9} = {ECA6C7BB-E575-4102-A95A-02AA199652B9}
		{01B4FEC8-D216-44F8-A565-C6B864351BC7} = {01B4FEC8-D216-44F8-A565-C6B864351BC7}
		{FD0B60E1-EC22-4AB4-B553-135B8051F7E2} = {FD0B60E1-EC22-4AB4-B553-135B8051F7E2}
		{6DB54CF3-70F4-4290-97EF-7B5ACF78AF03} = {6DB54CF3-70F4-4290-97EF-7B5ACF78AF03}
	EndProjectSection
EndProject
Global
	GlobalSection(SolutionConfigurationPlatforms) = preSolution
		Debug|Win32 = Debug|Win32
		Debug|x64 = Debug|x64
		Release|Win32 = Release|Win32
		Release|x64 = Release|x64
	EndGlobalSection
	GlobalSection(ProjectConfigurationPlatforms) = postSolution
		{D91D5337-8491-432D-AF32-90DE0937A265}.Debug|Win32.ActiveCfg = Debug|Win32
		{D91D5337-8491-432D-AF32-90DE0937A265}.Debug|Win32.Build.0 = Debug|Win32
		{D91D5337-8491-432D-AF32-90DE0937A265}.Debug|x64.ActiveCfg = Debug|x64
		{D91D5337-8491-432D-AF32-90DE0937A265}.Debug|x64.Build.0 = Debug|x64
		{D91D5337-8491-432D-AF32-90DE0937A265}.Release|Win32.ActiveCfg = Release|Win32
		{D91D5337-8491-432D-AF32-90DE0937A265}.Release|Win32.Build.0 = Release|Win32
		{D91D5337-8491-432D-AF32-90DE0937A265}.Release|x64.ActiveCfg = Release|x64
		{D91D5337-8491-432D-AF32-90DE0937A265}.Release|x64.Build.0 = Release|x64
		{01B4FEC8-D216-44F8-A565-C6B864351BC7}.Debug|Win32.ActiveCfg = Debug|Win32
		{01B4FEC8-D216-44F8-A565-C6B864351BC7}.Debug|Win32.Build.0 = Debug|Win32
		{01B4FEC8-D216-44F8-A565-C6B864351BC7}.Debug|x64.ActiveCfg = Debug|x64
		{01B4FEC8-D216-44F8-A565-C6B864351BC7}.Debug|x64.Build.0 = Debug|x64
		{01B4FEC8-D216-44F8-A565-C6B864351BC7}.Release|Win32.ActiveCfg = Release|Win32
		{01B4FEC8-D216-44F8-A565-C6B864351BC7}.Release|Win32.Build.0 = Release|Win32
		{01B4FEC8-D216-44F8-A565-C6B864351BC7}.Release|x64.ActiveCfg = Release|x64
		{01B4FEC8-D216-44F8-A565-C6B864351BC7}.Release|x64.Build.0 = Release|x64
		{ECA6C7BB-E575-4102-A95A-02AA199652B9}.Debug|Win32.ActiveCfg = Debug|Win32
		{ECA6C7BB-E575-4102-A95A-02AA199652B9}.Debug|Win32.Build.0 = Debug|Win32
		{ECA6C7BB-E575-4102-A95A-02AA199652B9}.Debug|x64.ActiveCfg = Debug|x64
		{ECA6C7BB-E575-4102-A95A-02AA199652B9}.Debug|x64.Build.0 = Debug|x64
		{ECA6C7BB-E575-4102-A95A-02AA199652B9}.Release|Win32.ActiveCfg = Release|Win32
		{ECA6C7BB-E575-4102-A95A-02AA199652B9}.Release|Win32.Build.0 = Release|Win32
		{ECA6C7BB-E575-4102-A95A-02AA199652B9}.Release|x64.ActiveCfg = Release|x64
		{ECA6C7BB-E575-4102-A95A-02AA199652B9}.Release|x64.Build.0 = Release|x64
		{4E302C2C-0B87-4993-B717-85E92642B36B}.Debug|Win32.ActiveCfg = Debug|Win32
		{4E302C2C-0B87-4993-B717-85E92642B36B}.Debug|Win32.Build.0 = Debug|Win32
		{4E302C2C-0B87-4993-B717-85E92642B36B}.Debug|x64.ActiveCfg = Debug|x64
		{4E302C2C-0B87-4993-B717-85E92642B36B}.Debug|x64.Build.0 = Debug|x64
		{4E302C2C-0B87-4993-B717-85E92642B36B}.Release|Win32.ActiveCfg = Release|Win32
		{4E302C2C-0B87-4993-B717-85E92642B36B}.Release|Win32.Build.0 = Release|Win32
		{4E302C2C-0B87-4993-B717-85E92642B36B}.Release|x64.ActiveCfg = Release|x64
		{4E302C2C-0B87-4993-B717-85E92642B36B}.Release|x64.Build.0 = Release|x64
		{FD0B60E1-EC22-4AB4-B553-135B8051F7E2}.Debug|Win32.ActiveCfg = Debug|Win32
		{FD0B60E1-EC22-4AB4-B553-135B8051F7E2}.Debug|Win32.Build.0 = Debug|Win32
		{FD0B60E1-EC22-4AB4-B553-135B8051F7E2}.Debug|x64.ActiveCfg = Debug|x64
		{FD0B60E1-EC22-4AB4-B553-135B8051F7E2}.Debug|x64.Build.0 = Debug|x64
		{FD0B60E1-EC22-4AB4-B553-135B8051F7E2}.Release|Win32.ActiveCfg = Release|Win32
		{FD0B60E1-EC22-4AB4-B553-135B8051F7E2}.Release|Win32.Build.0 = Release|Win32
		{FD0B60E1-EC22-4AB4-B553-135B8051F7E2}.Release|x64.ActiveCfg = Release|x64
		{FD0B60E1-EC22-4AB4-B553-135B8051F7E2}.Release|x64.Build.0 = Release|x64
		{5DCCE24E-79F9-4983-8A55-4E1762F1B4D1}.Debug|Win32.ActiveCfg = Debug|Win32
		{5DCCE24E-79F9-4983-8A55-4E1762F1B4D1}.Debug|Win32.Build.0 = Debug|Win32
		{5DCCE24E-79F9-4983-8A55-4E1762F1B4D1}.Debug|x64.ActiveCfg = Debug|x64
		{5DCCE24E-79F9-4983-8A55-4E1762F1B4D1}.Debug|x64.Build.0 = Debug|x64
		{5DCCE24E-79F9-4983-8A55-4E1762F1B4D1}.Release|Win32.ActiveCfg = Release|Win32
		{5DCCE24E-79F9-4983-8A55-4E1762F1B4D1}.Release|Win32.Build.0 = Release|Win32
		{5DCCE24E-79F9-4983-8A55-4E1762F1B4D1}.Release|x64.ActiveCfg = Release|x64
		{5DCCE24E-79F9-4983-8A55-4E1762F1B4D1}.Release|x64.Build.0 = Release|x64
		{D0710171-5FC9-48BF-84C5-EDF273440E1B}.Debug|Win32.ActiveCfg = Debug|Win32
		{D0710171-5FC9-48BF-84C5-EDF273440E1B}.Debug|Win32.Build.0 = Debug|Win32
		{D0710171-5FC9-48BF-84C5-EDF273440E1B}.Debug|x64.ActiveCfg = Debug|x64
		{D0710171-5FC9-48BF-84C5-EDF273440E1B}.Debug|x64.Build.0 = Debug|x64
		{D0710171-5FC9-48BF-84C5-EDF273440E1B}.Release|Win32.ActiveCfg = Release|Win32
		{D0710171-5FC9-48BF-84C5-EDF273440E1B}.Release|Win32.Build.0 = Release|Win32
		{D0710171-5FC9-48BF-84C5-EDF273440E1B}.Release|x64.ActiveCfg = Release|x64
		{D0710171-5FC9-48BF-84C5-EDF273440E1B}.Release|x64.Build.0 = Release|x64
		{B1489223-DD0C-418F-BD49-AD0FDDCB9862}.Debug|Win32.ActiveCfg = Debug|Win32
		{B1489223-DD0C-418F-BD49-AD0FDDCB9862}.Debug|Win32.Build.0 = Debug|Win32
		{B1489223-DD0C-418F-BD49-AD0FDDCB9862}.Debug|x64.ActiveCfg = Debug|x64
		{B1489223-DD0C-418F-BD49-AD0FDDCB9862}.Debug|x64.Build.0 = Debug|x64
		{B1489223-DD0C-418F-BD49-AD0FDDCB9862}.Release|Win32.ActiveCfg = Release|Win32
		{B1489223-DD0C-418F-BD49-AD0FDDCB9862}.Release|Win32.Build.0 = Release|Win32
		{B1489223-DD0C-418F-BD49-AD0FDDCB9862}.Release|x64.ActiveCfg = Release|x64
		{B1489223-DD0C-418F-BD49-AD0FDDCB9862}.Release|x64.Build.0 = Release|x64
		{6DB54CF3-70F4-4290-97EF-7B5ACF78AF03}.Debug|Win32.ActiveCfg = Debug|Win32
		{6DB54CF3-70F4-4290-97EF-7B5ACF78AF03}.Debug|Win32.Build.0 = Debug|Win32
		{6DB54CF3-70F4-4290-97EF-7B5ACF78AF03}.Debug|x64.ActiveCfg = Debug|x64
		{6DB54CF3-70F4-4290-97EF-7B5ACF78AF03}.Debug|x64.Build.0 = Debug|x64
		{6DB54CF3-70F4-4290-97EF-7B5ACF78AF03}.Release|Win32.ActiveCfg = Release|Win32
		{6DB54CF3-70F4-4290-97EF-7B5ACF78AF03}.Release|Win32.Build.0 = Release|Win32
		{6DB54CF3-70F4-4290-97EF-7B5ACF78AF03}.Release|x64.ActiveCfg = Release|x64
		{6DB54CF3-70F4-4290-97EF-7B5ACF78AF03}.Release|x64.Build.0 = Release|x64
		{7CF81C45-765A-4253-BA93-B2CD7CAC36A3}.Debug|Win32.ActiveCfg = Debug|Win32
		{7CF81C45-765A-4253-BA93-B2CD7CAC36A3}.Debug|Win32.Build.0 = Debug|Win32
		{7CF81C45-765A-4253-BA93-B2CD7CAC36A3}.Debug|x64.ActiveCfg = Debug|x64
		{7CF81C45-765A-4253-BA93-B2CD7CAC36A3}.Debug|x64.Build.0 = Debug|x64
		{7CF81C45-765A-4253-BA93-B2CD7CAC36A3}.Release|Win32.ActiveCfg = Release|Win32
		{7CF81C45-765A-4253-BA93-B2CD7CAC36A3}.Release|Win32.Build.0 = Release|Win32
		{7CF81C45-765A-4253-BA93-B2CD7CAC36A3}.Release|x64.ActiveCfg = Release|x64
		{7CF81C45-765A-4253-BA93-B2CD7CAC36A3}.Release|x64.Build.0 = Release|x64
		{13102880-EF84-4731-80A4-800DF6474982}.Debug|Win32.ActiveCfg = Debug|Win32
		{13102880-EF84-4731-80A4-800DF6474982}.Debug|Win32.Build.0 = Debug|Win32
		{13102880-EF84-4731-80A4-800DF6474982}.Debug|x64.ActiveCfg = Debug|x64
		{13102880-EF84-4731-80A4-800DF6474982}.Debug|x64.Build.0 = Debug|x64
		{13102880-EF84-4731-80A4-800DF6474982}.Release|Win32.ActiveCfg = Release|Win32
		{13102880-EF84-4731-80A4-800DF6474982}.Release|Win32.Build.0 = Release|Win32
		{13102880-EF84-4731-80A4-800DF6474982}.Release|x64.ActiveCfg = Release|x64
		{13102880-EF84-4731-80A4-800DF6474982}.Release|x64.Build.0 = Release|x64
		{E70ACD94-7924-43D7-803F-0E54DC2D88D5}.Debug|Win32.ActiveCfg = Debug|Win32
		{E70ACD94-7924-43D7-803F-0E54DC2D88D5}.Debug|Win32.Build.0 = Debug|Win32
		{E70ACD94-7924-43D7-803F-0E54DC2D88D5}.Debug|x64.ActiveCfg = Debug|x64
		{E70ACD94-7924-43D7-803F-0E54DC2D88D5}.Debug|x64.Build.0 = Debug|x64
		{E70ACD94-7924-43D7-803F-0E54DC2D88D5}.Release|Win32.ActiveCfg = Release|Win32
		{E70ACD94-7924-43D7-803F-0E54DC2D88D5}.Release|Win32.Build.0 = Release|Win32
		{E70ACD94-7924-43D7-803F-0E54DC2D88D5}.Release|x64.ActiveCfg = Release|x64
		{E70ACD94-7924-43D7-803F-0E54DC2D88D5}.Release|x64.Build.0 = Release|x64
	EndGlobalSection
	GlobalSection(SolutionProperties) = preSolution
		HideSolutionNode = FALSE
	EndGlobalSection
	GlobalSection(NestedProjects) = preSolution
		{D91D5337-8491-432D-AF32-90DE0937A265} = {F5A8B112-9407-4EB2-A9A7-42CB349E1601}
		{01B4FEC8-D216-44F8-A565-C6B864351BC7} = {F5A8B112-9407-4EB2-A9A7-42CB349E1601}
		{ECA6C7BB-E575-4102-A95A-02AA199652B9} = {F5A8B112-9407-4EB2-A9A7-42CB349E1601}
		{4DA41AE4-B487-4A1D-8E9E-ABC39371BB52} = {49529C31-13AF-4659-B6FB-F9EC4BB46517}
		{FBE0EABE-4491-4DE2-AC66-7ADAADD821F5} = {49529C31-13AF-4659-B6FB-F9EC4BB46517}
		{5D997020-B23B-4637-8FED-8376B5C1D4B9} = {49529C31-13AF-4659-B6FB-F9EC4BB46517}
		{B1489223-DD0C-418F-BD49-AD0FDDCB9862} = {4DA41AE4-B487-4A1D-8E9E-ABC39371BB52}
		{6DB54CF3-70F4-4290-97EF-7B5ACF78AF03} = {4DA41AE4-B487-4A1D-8E9E-ABC39371BB52}
		{7CF81C45-765A-4253-BA93-B2CD7CAC36A3} = {4DA41AE4-B487-4A1D-8E9E-ABC39371BB52}
		{13102880-EF84-4731-80A4-800DF6474982} = {4DA41AE4-B487-4A1D-8E9E-ABC39371BB52}
		{E70ACD94-7924-43D7-803F-0E54DC2D88D5} = {4DA41AE4-B487-4A1D-8E9E-ABC39371BB52}
		{5DCCE24E-79F9-4983-8A55-4E1762F1B4D1} = {FBE0EABE-4491-4DE2-AC66-7ADAADD821F5}
		{D0710171-5FC9-48BF-84C5-EDF273440E1B} = {FBE0EABE-4491-4DE2-AC66-7ADAADD821F5}
		{4E302C2C-0B87-4993-B717-85E92642B36B} = {5D997020-B23B-4637-8FED-8376B5C1D4B9}
		{FD0B60E1-EC22-4AB4-B553-135B8051F7E2} = {5D997020-B23B-4637-8FED-8376B5C1D4B9}
	EndGlobalSection
EndGlobal
